
Microsoft Visual Studio Solution File, Format Version 12.00
# Visual Studio Version 17
VisualStudioVersion = 17.3.32929.385
MinimumVisualStudioVersion = 10.0.40219.1
Project("{FAE04EC0-301F-11D3-BF4B-00C04F79EFBC}") = "team-shirt", "team-shirt.csproj", "{2E23F74B-A01B-4A61-A628-78595544F57D}"
EndProject
Global
	GlobalSection(SolutionConfigurationPlatforms) = preSolution
		Debug|Any CPU = Debug|Any CPU
		Release|Any CPU = Release|Any CPU
	EndGlobalSection
	GlobalSection(ProjectConfigurationPlatforms) = postSolution
		{2E23F74B-A01B-4A61-A628-78595544F57D}.Debug|Any CPU.ActiveCfg = Debug|Any CPU
		{2E23F74B-A01B-4A61-A628-78595544F57D}.Debug|Any CPU.Build.0 = Debug|Any CPU
		{2E23F74B-A01B-4A61-A628-78595544F57D}.Release|Any CPU.ActiveCfg = Release|Any CPU
		{2E23F74B-A01B-4A61-A628-78595544F57D}.Release|Any CPU.Build.0 = Release|Any CPU
	EndGlobalSection
	GlobalSection(SolutionProperties) = preSolution
		HideSolutionNode = FALSE
	EndGlobalSection
	GlobalSection(ExtensibilityGlobals) = postSolution
		SolutionGuid = {EC49CB1C-34A0-447A-B081-73E20E3A0BE9}
	EndGlobalSection
EndGlobal
